
Microsoft Visual Studio Solution File, Format Version 12.00
# Visual Studio Version 16
VisualStudioVersion = 16.0.29728.190
MinimumVisualStudioVersion = 10.0.40219.1
Project("{FAE04EC0-301F-11D3-BF4B-00C04F79EFBC}") = "obamaExperimentingV1_13", "obamaExperimentingV1_13\obamaExperimentingV1_13.csproj", "{142805DA-CF81-42F5-9DF0-BE2754D45E02}"
EndProject
Global
	GlobalSection(SolutionConfigurationPlatforms) = preSolution
		Debug|Any CPU = Debug|Any CPU
		Release|Any CPU = Release|Any CPU
	EndGlobalSection
	GlobalSection(ProjectConfigurationPlatforms) = postSolution
		{142805DA-CF81-42F5-9DF0-BE2754D45E02}.Debug|Any CPU.ActiveCfg = Debug|Any CPU
		{142805DA-CF81-42F5-9DF0-BE2754D45E02}.Debug|Any CPU.Build.0 = Debug|Any CPU
		{142805DA-CF81-42F5-9DF0-BE2754D45E02}.Release|Any CPU.ActiveCfg = Release|Any CPU
		{142805DA-CF81-42F5-9DF0-BE2754D45E02}.Release|Any CPU.Build.0 = Release|Any CPU
	EndGlobalSection
	GlobalSection(SolutionProperties) = preSolution
		HideSolutionNode = FALSE
	EndGlobalSection
	GlobalSection(ExtensibilityGlobals) = postSolution
		SolutionGuid = {C55E4B1F-EAA3-46B5-8E2C-AB3639B71E52}
	EndGlobalSection
EndGlobal
