
Microsoft Visual Studio Solution File, Format Version 12.00
# Visual Studio Version 16
VisualStudioVersion = 16.0.29728.190
MinimumVisualStudioVersion = 10.0.40219.1
Project("{FAE04EC0-301F-11D3-BF4B-00C04F79EFBC}") = "obamaExperimentingV1_9", "obamaExperimentingV1_9\obamaExperimentingV1_9.csproj", "{181CE0E2-22AB-4EFC-9804-31D5FC7459DA}"
EndProject
Global
	GlobalSection(SolutionConfigurationPlatforms) = preSolution
		Debug|Any CPU = Debug|Any CPU
		Release|Any CPU = Release|Any CPU
	EndGlobalSection
	GlobalSection(ProjectConfigurationPlatforms) = postSolution
		{181CE0E2-22AB-4EFC-9804-31D5FC7459DA}.Debug|Any CPU.ActiveCfg = Debug|Any CPU
		{181CE0E2-22AB-4EFC-9804-31D5FC7459DA}.Debug|Any CPU.Build.0 = Debug|Any CPU
		{181CE0E2-22AB-4EFC-9804-31D5FC7459DA}.Release|Any CPU.ActiveCfg = Release|Any CPU
		{181CE0E2-22AB-4EFC-9804-31D5FC7459DA}.Release|Any CPU.Build.0 = Release|Any CPU
	EndGlobalSection
	GlobalSection(SolutionProperties) = preSolution
		HideSolutionNode = FALSE
	EndGlobalSection
	GlobalSection(ExtensibilityGlobals) = postSolution
		SolutionGuid = {13E3C42B-C6CC-4C5C-90A0-9C35C247746B}
	EndGlobalSection
EndGlobal
